
Microsoft Visual Studio Solution File, Format Version 12.00
# Visual Studio Version 17
VisualStudioVersion = 17.4.33213.308
MinimumVisualStudioVersion = 10.0.40219.1
Project("{FAE04EC0-301F-11D3-BF4B-00C04F79EFBC}") = "ChatBot_Moderator", "ChatBot_Moderator\ChatBot_Moderator.csproj", "{E7EFABB7-60A6-4701-AEE2-6F7FFB9BA74D}"
EndProject
Global
	GlobalSection(SolutionConfigurationPlatforms) = preSolution
		Debug|Any CPU = Debug|Any CPU
		Release|Any CPU = Release|Any CPU
	EndGlobalSection
	GlobalSection(ProjectConfigurationPlatforms) = postSolution
		{E7EFABB7-60A6-4701-AEE2-6F7FFB9BA74D}.Debug|Any CPU.ActiveCfg = Debug|Any CPU
		{E7EFABB7-60A6-4701-AEE2-6F7FFB9BA74D}.Debug|Any CPU.Build.0 = Debug|Any CPU
		{E7EFABB7-60A6-4701-AEE2-6F7FFB9BA74D}.Release|Any CPU.ActiveCfg = Release|Any CPU
		{E7EFABB7-60A6-4701-AEE2-6F7FFB9BA74D}.Release|Any CPU.Build.0 = Release|Any CPU
	EndGlobalSection
	GlobalSection(SolutionProperties) = preSolution
		HideSolutionNode = FALSE
	EndGlobalSection
	GlobalSection(ExtensibilityGlobals) = postSolution
		SolutionGuid = {2CF64444-9D98-4524-9E40-9949CBD1E27F}
	EndGlobalSection
EndGlobal
